
Microsoft Visual Studio Solution File, Format Version 12.00
# Visual Studio Version 17
VisualStudioVersion = 17.10.34928.147
MinimumVisualStudioVersion = 10.0.40219.1
Project("{2150E333-8FDC-42A3-9474-1A3956D46DE8}") = "Src", "Src", "{FD538D28-9238-45F2-A5FC-31C6D12A1C11}"
	ProjectSection(SolutionItems) = preProject
		docker-compose.yml = docker-compose.yml
	EndProjectSection
EndProject
Project("{2150E333-8FDC-42A3-9474-1A3956D46DE8}") = "Test", "Test", "{30D8506E-E237-45BD-8218-113462F5CE36}"
EndProject
Project("{9A19103F-16F7-4668-BE54-9A1E7A4F7556}") = "Domain", "Domain\Domain.csproj", "{A8BAF58E-C8D2-40F9-B9A5-C62F3566F4B5}"
EndProject
Project("{9A19103F-16F7-4668-BE54-9A1E7A4F7556}") = "Application", "Application\Application.csproj", "{9BB93A6C-EE0F-40CE-978B-D1424D0C7EA2}"
EndProject
Project("{9A19103F-16F7-4668-BE54-9A1E7A4F7556}") = "Infrastructure", "Infrastructure\Infrastructure.csproj", "{636EFA48-61FA-4988-A3C7-176A5287DD7A}"
EndProject
Project("{9A19103F-16F7-4668-BE54-9A1E7A4F7556}") = "Presentation.API", "Presentation.API\Presentation.API.csproj", "{76FE2CAE-ACBE-4586-83F6-8AD626A6C551}"
EndProject
Global
	GlobalSection(SolutionConfigurationPlatforms) = preSolution
		Debug|Any CPU = Debug|Any CPU
		Release|Any CPU = Release|Any CPU
	EndGlobalSection
	GlobalSection(ProjectConfigurationPlatforms) = postSolution
		{A8BAF58E-C8D2-40F9-B9A5-C62F3566F4B5}.Debug|Any CPU.ActiveCfg = Debug|Any CPU
		{A8BAF58E-C8D2-40F9-B9A5-C62F3566F4B5}.Debug|Any CPU.Build.0 = Debug|Any CPU
		{A8BAF58E-C8D2-40F9-B9A5-C62F3566F4B5}.Release|Any CPU.ActiveCfg = Release|Any CPU
		{A8BAF58E-C8D2-40F9-B9A5-C62F3566F4B5}.Release|Any CPU.Build.0 = Release|Any CPU
		{9BB93A6C-EE0F-40CE-978B-D1424D0C7EA2}.Debug|Any CPU.ActiveCfg = Debug|Any CPU
		{9BB93A6C-EE0F-40CE-978B-D1424D0C7EA2}.Debug|Any CPU.Build.0 = Debug|Any CPU
		{9BB93A6C-EE0F-40CE-978B-D1424D0C7EA2}.Release|Any CPU.ActiveCfg = Release|Any CPU
		{9BB93A6C-EE0F-40CE-978B-D1424D0C7EA2}.Release|Any CPU.Build.0 = Release|Any CPU
		{636EFA48-61FA-4988-A3C7-176A5287DD7A}.Debug|Any CPU.ActiveCfg = Debug|Any CPU
		{636EFA48-61FA-4988-A3C7-176A5287DD7A}.Debug|Any CPU.Build.0 = Debug|Any CPU
		{636EFA48-61FA-4988-A3C7-176A5287DD7A}.Release|Any CPU.ActiveCfg = Release|Any CPU
		{636EFA48-61FA-4988-A3C7-176A5287DD7A}.Release|Any CPU.Build.0 = Release|Any CPU
		{76FE2CAE-ACBE-4586-83F6-8AD626A6C551}.Debug|Any CPU.ActiveCfg = Debug|Any CPU
		{76FE2CAE-ACBE-4586-83F6-8AD626A6C551}.Debug|Any CPU.Build.0 = Debug|Any CPU
		{76FE2CAE-ACBE-4586-83F6-8AD626A6C551}.Release|Any CPU.ActiveCfg = Release|Any CPU
		{76FE2CAE-ACBE-4586-83F6-8AD626A6C551}.Release|Any CPU.Build.0 = Release|Any CPU
	EndGlobalSection
	GlobalSection(SolutionProperties) = preSolution
		HideSolutionNode = FALSE
	EndGlobalSection
	GlobalSection(NestedProjects) = preSolution
		{A8BAF58E-C8D2-40F9-B9A5-C62F3566F4B5} = {FD538D28-9238-45F2-A5FC-31C6D12A1C11}
		{9BB93A6C-EE0F-40CE-978B-D1424D0C7EA2} = {FD538D28-9238-45F2-A5FC-31C6D12A1C11}
		{636EFA48-61FA-4988-A3C7-176A5287DD7A} = {FD538D28-9238-45F2-A5FC-31C6D12A1C11}
		{76FE2CAE-ACBE-4586-83F6-8AD626A6C551} = {FD538D28-9238-45F2-A5FC-31C6D12A1C11}
	EndGlobalSection
	GlobalSection(ExtensibilityGlobals) = postSolution
		SolutionGuid = {7B21735B-DF63-4DD9-B6F5-3E7497840684}
	EndGlobalSection
EndGlobal
